
Microsoft Visual Studio Solution File, Format Version 12.00
# Visual Studio Version 17
VisualStudioVersion = 17.10.35004.147
MinimumVisualStudioVersion = 10.0.40219.1
Project("{9A19103F-16F7-4668-BE54-9A1E7A4F7556}") = "ECommerce", "ECommerce\ECommerce.csproj", "{45F93E75-BD64-45C8-8324-0EB4D0A21B1A}"
EndProject
Global
	GlobalSection(SolutionConfigurationPlatforms) = preSolution
		Debug|Any CPU = Debug|Any CPU
		Release|Any CPU = Release|Any CPU
	EndGlobalSection
	GlobalSection(ProjectConfigurationPlatforms) = postSolution
		{45F93E75-BD64-45C8-8324-0EB4D0A21B1A}.Debug|Any CPU.ActiveCfg = Debug|Any CPU
		{45F93E75-BD64-45C8-8324-0EB4D0A21B1A}.Debug|Any CPU.Build.0 = Debug|Any CPU
		{45F93E75-BD64-45C8-8324-0EB4D0A21B1A}.Release|Any CPU.ActiveCfg = Release|Any CPU
		{45F93E75-BD64-45C8-8324-0EB4D0A21B1A}.Release|Any CPU.Build.0 = Release|Any CPU
	EndGlobalSection
	GlobalSection(SolutionProperties) = preSolution
		HideSolutionNode = FALSE
	EndGlobalSection
	GlobalSection(ExtensibilityGlobals) = postSolution
		SolutionGuid = {FADB9A72-75C2-4F1F-AA17-3C4E93F8DA7C}
	EndGlobalSection
EndGlobal
